// !$*UTF8*$!
{
	archiveVersion = 1;
	classes = {
	};
	objectVersion = 55;
	objects = {

/* Begin PBXBuildFile section */
		F21190022783E0A4001F9D78 /* AppDelegate.swift in Sources */ = {isa = PBXBuildFile; fileRef = F21190012783E0A4001F9D78 /* AppDelegate.swift */; };
		F21190042783E0A4001F9D78 /* SceneDelegate.swift in Sources */ = {isa = PBXBuildFile; fileRef = F21190032783E0A4001F9D78 /* SceneDelegate.swift */; };
		F211900B2783E0A4001F9D78 /* Assets.xcassets in Resources */ = {isa = PBXBuildFile; fileRef = F211900A2783E0A4001F9D78 /* Assets.xcassets */; };
		F211900E2783E0A4001F9D78 /* LaunchScreen.storyboard in Resources */ = {isa = PBXBuildFile; fileRef = F211900C2783E0A4001F9D78 /* LaunchScreen.storyboard */; };
		F21190182783F018001F9D78 /* SearchVC.swift in Sources */ = {isa = PBXBuildFile; fileRef = F21190172783F018001F9D78 /* SearchVC.swift */; };
		F211901A2783F042001F9D78 /* FavoritesListVC.swift in Sources */ = {isa = PBXBuildFile; fileRef = F21190192783F042001F9D78 /* FavoritesListVC.swift */; };
		F21FD182278E656300FA89DC /* GHEmptyStateView.swift in Sources */ = {isa = PBXBuildFile; fileRef = F21FD181278E656300FA89DC /* GHEmptyStateView.swift */; };
		F21FD18427937AAA00FA89DC /* UserInfoVC.swift in Sources */ = {isa = PBXBuildFile; fileRef = F21FD18327937AAA00FA89DC /* UserInfoVC.swift */; };
		F21FD186279381E800FA89DC /* GHError.swift in Sources */ = {isa = PBXBuildFile; fileRef = F21FD185279381E800FA89DC /* GHError.swift */; };
		F21FD1882793839D00FA89DC /* GHUserInfoHeaderVC.swift in Sources */ = {isa = PBXBuildFile; fileRef = F21FD1872793839D00FA89DC /* GHUserInfoHeaderVC.swift */; };
		F21FD18A2793840500FA89DC /* GHSecondaryTitleLabel.swift in Sources */ = {isa = PBXBuildFile; fileRef = F21FD1892793840500FA89DC /* GHSecondaryTitleLabel.swift */; };
		F21FD18C27938A0B00FA89DC /* Constants.swift in Sources */ = {isa = PBXBuildFile; fileRef = F21FD18B27938A0B00FA89DC /* Constants.swift */; };
		F250C9C82787AC99003EFAC8 /* GHButton.swift in Sources */ = {isa = PBXBuildFile; fileRef = F250C9C72787AC99003EFAC8 /* GHButton.swift */; };
		F250C9CA2787B24F003EFAC8 /* GHTextField.swift in Sources */ = {isa = PBXBuildFile; fileRef = F250C9C92787B24F003EFAC8 /* GHTextField.swift */; };
		F250C9CC2787BB81003EFAC8 /* FollowerListVC.swift in Sources */ = {isa = PBXBuildFile; fileRef = F250C9CB2787BB81003EFAC8 /* FollowerListVC.swift */; };
		F29F03E4278CDFE100400614 /* FollowerCell.swift in Sources */ = {isa = PBXBuildFile; fileRef = F29F03E3278CDFE100400614 /* FollowerCell.swift */; };
		F29F03E6278CE05C00400614 /* GHAvatarImageView.swift in Sources */ = {isa = PBXBuildFile; fileRef = F29F03E5278CE05C00400614 /* GHAvatarImageView.swift */; };
		F29F03E8278D0D8300400614 /* UIHelper.swift in Sources */ = {isa = PBXBuildFile; fileRef = F29F03E7278D0D8300400614 /* UIHelper.swift */; };
		F2BAFB3C278B8B78007AC508 /* GHTitleLabel.swift in Sources */ = {isa = PBXBuildFile; fileRef = F2BAFB3B278B8B78007AC508 /* GHTitleLabel.swift */; };
		F2BAFB3E278B8CB9007AC508 /* GHBodyLabel.swift in Sources */ = {isa = PBXBuildFile; fileRef = F2BAFB3D278B8CB9007AC508 /* GHBodyLabel.swift */; };
		F2BAFB40278B8D6F007AC508 /* AlertVC.swift in Sources */ = {isa = PBXBuildFile; fileRef = F2BAFB3F278B8D6F007AC508 /* AlertVC.swift */; };
		F2BAFB42278B939F007AC508 /* UIViewController+Ext.swift in Sources */ = {isa = PBXBuildFile; fileRef = F2BAFB41278B939F007AC508 /* UIViewController+Ext.swift */; };
		F2BAFB49278BB559007AC508 /* Follower.swift in Sources */ = {isa = PBXBuildFile; fileRef = F2BAFB48278BB559007AC508 /* Follower.swift */; };
		F2BAFB4B278BB63F007AC508 /* User.swift in Sources */ = {isa = PBXBuildFile; fileRef = F2BAFB4A278BB63F007AC508 /* User.swift */; };
		F2BAFB4E278BBCC7007AC508 /* NetworkManager.swift in Sources */ = {isa = PBXBuildFile; fileRef = F2BAFB4D278BBCC7007AC508 /* NetworkManager.swift */; };
/* End PBXBuildFile section */

/* Begin PBXFileReference section */
		F2118FFE2783E0A4001F9D78 /* Github.app */ = {isa = PBXFileReference; explicitFileType = wrapper.application; includeInIndex = 0; path = Github.app; sourceTree = BUILT_PRODUCTS_DIR; };
		F21190012783E0A4001F9D78 /* AppDelegate.swift */ = {isa = PBXFileReference; lastKnownFileType = sourcecode.swift; path = AppDelegate.swift; sourceTree = "<group>"; };
		F21190032783E0A4001F9D78 /* SceneDelegate.swift */ = {isa = PBXFileReference; lastKnownFileType = sourcecode.swift; path = SceneDelegate.swift; sourceTree = "<group>"; };
		F211900A2783E0A4001F9D78 /* Assets.xcassets */ = {isa = PBXFileReference; lastKnownFileType = folder.assetcatalog; path = Assets.xcassets; sourceTree = "<group>"; };
		F211900D2783E0A4001F9D78 /* Base */ = {isa = PBXFileReference; lastKnownFileType = file.storyboard; name = Base; path = Base.lproj/LaunchScreen.storyboard; sourceTree = "<group>"; };
		F211900F2783E0A4001F9D78 /* Info.plist */ = {isa = PBXFileReference; lastKnownFileType = text.plist.xml; path = Info.plist; sourceTree = "<group>"; };
		F21190172783F018001F9D78 /* SearchVC.swift */ = {isa = PBXFileReference; lastKnownFileType = sourcecode.swift; path = SearchVC.swift; sourceTree = "<group>"; };
		F21190192783F042001F9D78 /* FavoritesListVC.swift */ = {isa = PBXFileReference; lastKnownFileType = sourcecode.swift; path = FavoritesListVC.swift; sourceTree = "<group>"; };
		F21FD181278E656300FA89DC /* GHEmptyStateView.swift */ = {isa = PBXFileReference; lastKnownFileType = sourcecode.swift; path = GHEmptyStateView.swift; sourceTree = "<group>"; };
		F21FD18327937AAA00FA89DC /* UserInfoVC.swift */ = {isa = PBXFileReference; lastKnownFileType = sourcecode.swift; path = UserInfoVC.swift; sourceTree = "<group>"; };
		F21FD185279381E800FA89DC /* GHError.swift */ = {isa = PBXFileReference; lastKnownFileType = sourcecode.swift; path = GHError.swift; sourceTree = "<group>"; };
		F21FD1872793839D00FA89DC /* GHUserInfoHeaderVC.swift */ = {isa = PBXFileReference; lastKnownFileType = sourcecode.swift; path = GHUserInfoHeaderVC.swift; sourceTree = "<group>"; };
		F21FD1892793840500FA89DC /* GHSecondaryTitleLabel.swift */ = {isa = PBXFileReference; lastKnownFileType = sourcecode.swift; path = GHSecondaryTitleLabel.swift; sourceTree = "<group>"; };
		F21FD18B27938A0B00FA89DC /* Constants.swift */ = {isa = PBXFileReference; lastKnownFileType = sourcecode.swift; path = Constants.swift; sourceTree = "<group>"; };
		F250C9C72787AC99003EFAC8 /* GHButton.swift */ = {isa = PBXFileReference; lastKnownFileType = sourcecode.swift; path = GHButton.swift; sourceTree = "<group>"; };
		F250C9C92787B24F003EFAC8 /* GHTextField.swift */ = {isa = PBXFileReference; lastKnownFileType = sourcecode.swift; path = GHTextField.swift; sourceTree = "<group>"; };
		F250C9CB2787BB81003EFAC8 /* FollowerListVC.swift */ = {isa = PBXFileReference; lastKnownFileType = sourcecode.swift; path = FollowerListVC.swift; sourceTree = "<group>"; };
		F29F03E3278CDFE100400614 /* FollowerCell.swift */ = {isa = PBXFileReference; lastKnownFileType = sourcecode.swift; path = FollowerCell.swift; sourceTree = "<group>"; };
		F29F03E5278CE05C00400614 /* GHAvatarImageView.swift */ = {isa = PBXFileReference; lastKnownFileType = sourcecode.swift; path = GHAvatarImageView.swift; sourceTree = "<group>"; };
		F29F03E7278D0D8300400614 /* UIHelper.swift */ = {isa = PBXFileReference; lastKnownFileType = sourcecode.swift; path = UIHelper.swift; sourceTree = "<group>"; };
		F2BAFB3B278B8B78007AC508 /* GHTitleLabel.swift */ = {isa = PBXFileReference; lastKnownFileType = sourcecode.swift; path = GHTitleLabel.swift; sourceTree = "<group>"; };
		F2BAFB3D278B8CB9007AC508 /* GHBodyLabel.swift */ = {isa = PBXFileReference; lastKnownFileType = sourcecode.swift; path = GHBodyLabel.swift; sourceTree = "<group>"; };
		F2BAFB3F278B8D6F007AC508 /* AlertVC.swift */ = {isa = PBXFileReference; lastKnownFileType = sourcecode.swift; path = AlertVC.swift; sourceTree = "<group>"; };
		F2BAFB41278B939F007AC508 /* UIViewController+Ext.swift */ = {isa = PBXFileReference; lastKnownFileType = sourcecode.swift; path = "UIViewController+Ext.swift"; sourceTree = "<group>"; };
		F2BAFB48278BB559007AC508 /* Follower.swift */ = {isa = PBXFileReference; lastKnownFileType = sourcecode.swift; path = Follower.swift; sourceTree = "<group>"; };
		F2BAFB4A278BB63F007AC508 /* User.swift */ = {isa = PBXFileReference; lastKnownFileType = sourcecode.swift; path = User.swift; sourceTree = "<group>"; };
		F2BAFB4D278BBCC7007AC508 /* NetworkManager.swift */ = {isa = PBXFileReference; lastKnownFileType = sourcecode.swift; path = NetworkManager.swift; sourceTree = "<group>"; };
/* End PBXFileReference section */

/* Begin PBXFrameworksBuildPhase section */
		F2118FFB2783E0A4001F9D78 /* Frameworks */ = {
			isa = PBXFrameworksBuildPhase;
			buildActionMask = 2147483647;
			files = (
			);
			runOnlyForDeploymentPostprocessing = 0;
		};
/* End PBXFrameworksBuildPhase section */

/* Begin PBXGroup section */
		F2118FF52783E0A3001F9D78 = {
			isa = PBXGroup;
			children = (
				F21190002783E0A4001F9D78 /* Github */,
				F2118FFF2783E0A4001F9D78 /* Products */,
			);
			sourceTree = "<group>";
		};
		F2118FFF2783E0A4001F9D78 /* Products */ = {
			isa = PBXGroup;
			children = (
				F2118FFE2783E0A4001F9D78 /* Github.app */,
			);
			name = Products;
			sourceTree = "<group>";
		};
		F21190002783E0A4001F9D78 /* Github */ = {
			isa = PBXGroup;
			children = (
				F29F03DF278CDACD00400614 /* Utilities */,
				F2BAFB4C278BBCB8007AC508 /* Managers */,
				F2BAFB47278BB547007AC508 /* Model */,
				F2BAFB46278BAAEF007AC508 /* Support */,
				F2BAFB45278BAAB1007AC508 /* Extensions */,
				F2BAFB44278BA06B007AC508 /* Custom Views */,
				F2BAFB43278BA03C007AC508 /* Screens */,
				F211900F2783E0A4001F9D78 /* Info.plist */,
			);
			path = Github;
			sourceTree = "<group>";
		};
		F21FD17B278E649A00FA89DC /* Views */ = {
			isa = PBXGroup;
			children = (
				F21FD181278E656300FA89DC /* GHEmptyStateView.swift */,
			);
			path = Views;
			sourceTree = "<group>";
		};
		F21FD17C278E64A200FA89DC /* Buttons */ = {
			isa = PBXGroup;
			children = (
				F250C9C72787AC99003EFAC8 /* GHButton.swift */,
			);
			path = Buttons;
			sourceTree = "<group>";
		};
		F21FD17D278E64A700FA89DC /* TextFields */ = {
			isa = PBXGroup;
			children = (
				F250C9C92787B24F003EFAC8 /* GHTextField.swift */,
			);
			path = TextFields;
			sourceTree = "<group>";
		};
		F21FD17E278E64AF00FA89DC /* ImageViews */ = {
			isa = PBXGroup;
			children = (
				F29F03E5278CE05C00400614 /* GHAvatarImageView.swift */,
			);
			path = ImageViews;
			sourceTree = "<group>";
		};
		F21FD17F278E64B700FA89DC /* ViewControllers */ = {
			isa = PBXGroup;
			children = (
				F2BAFB3F278B8D6F007AC508 /* AlertVC.swift */,
				F21FD1872793839D00FA89DC /* GHUserInfoHeaderVC.swift */,
			);
			path = ViewControllers;
			sourceTree = "<group>";
		};
		F21FD180278E64C100FA89DC /* Labels */ = {
			isa = PBXGroup;
			children = (
				F2BAFB3B278B8B78007AC508 /* GHTitleLabel.swift */,
				F2BAFB3D278B8CB9007AC508 /* GHBodyLabel.swift */,
				F21FD1892793840500FA89DC /* GHSecondaryTitleLabel.swift */,
			);
			path = Labels;
			sourceTree = "<group>";
		};
		F29F03DF278CDACD00400614 /* Utilities */ = {
			isa = PBXGroup;
			children = (
				F29F03E7278D0D8300400614 /* UIHelper.swift */,
				F21FD185279381E800FA89DC /* GHError.swift */,
				F21FD18B27938A0B00FA89DC /* Constants.swift */,
			);
			path = Utilities;
			sourceTree = "<group>";
		};
		F29F03E2278CDFBA00400614 /* Cells */ = {
			isa = PBXGroup;
			children = (
				F29F03E3278CDFE100400614 /* FollowerCell.swift */,
			);
			path = Cells;
			sourceTree = "<group>";
		};
		F2BAFB43278BA03C007AC508 /* Screens */ = {
			isa = PBXGroup;
			children = (
				F21190192783F042001F9D78 /* FavoritesListVC.swift */,
				F21190172783F018001F9D78 /* SearchVC.swift */,
				F250C9CB2787BB81003EFAC8 /* FollowerListVC.swift */,
				F21FD18327937AAA00FA89DC /* UserInfoVC.swift */,
			);
			path = Screens;
			sourceTree = "<group>";
		};
		F2BAFB44278BA06B007AC508 /* Custom Views */ = {
			isa = PBXGroup;
			children = (
				F21FD180278E64C100FA89DC /* Labels */,
				F21FD17F278E64B700FA89DC /* ViewControllers */,
				F21FD17E278E64AF00FA89DC /* ImageViews */,
				F21FD17D278E64A700FA89DC /* TextFields */,
				F21FD17C278E64A200FA89DC /* Buttons */,
				F21FD17B278E649A00FA89DC /* Views */,
				F29F03E2278CDFBA00400614 /* Cells */,
			);
			path = "Custom Views";
			sourceTree = "<group>";
		};
		F2BAFB45278BAAB1007AC508 /* Extensions */ = {
			isa = PBXGroup;
			children = (
				F2BAFB41278B939F007AC508 /* UIViewController+Ext.swift */,
			);
			path = Extensions;
			sourceTree = "<group>";
		};
		F2BAFB46278BAAEF007AC508 /* Support */ = {
			isa = PBXGroup;
			children = (
				F211900C2783E0A4001F9D78 /* LaunchScreen.storyboard */,
				F211900A2783E0A4001F9D78 /* Assets.xcassets */,
				F21190032783E0A4001F9D78 /* SceneDelegate.swift */,
				F21190012783E0A4001F9D78 /* AppDelegate.swift */,
			);
			path = Support;
			sourceTree = "<group>";
		};
		F2BAFB47278BB547007AC508 /* Model */ = {
			isa = PBXGroup;
			children = (
				F2BAFB48278BB559007AC508 /* Follower.swift */,
				F2BAFB4A278BB63F007AC508 /* User.swift */,
			);
			path = Model;
			sourceTree = "<group>";
		};
		F2BAFB4C278BBCB8007AC508 /* Managers */ = {
			isa = PBXGroup;
			children = (
				F2BAFB4D278BBCC7007AC508 /* NetworkManager.swift */,
			);
			path = Managers;
			sourceTree = "<group>";
		};
/* End PBXGroup section */

/* Begin PBXNativeTarget section */
		F2118FFD2783E0A4001F9D78 /* Github */ = {
			isa = PBXNativeTarget;
			buildConfigurationList = F21190122783E0A4001F9D78 /* Build configuration list for PBXNativeTarget "Github" */;
			buildPhases = (
				F2118FFA2783E0A4001F9D78 /* Sources */,
				F2118FFB2783E0A4001F9D78 /* Frameworks */,
				F2118FFC2783E0A4001F9D78 /* Resources */,
			);
			buildRules = (
			);
			dependencies = (
			);
			name = Github;
			productName = Github;
			productReference = F2118FFE2783E0A4001F9D78 /* Github.app */;
			productType = "com.apple.product-type.application";
		};
/* End PBXNativeTarget section */

/* Begin PBXProject section */
		F2118FF62783E0A3001F9D78 /* Project object */ = {
			isa = PBXProject;
			attributes = {
				BuildIndependentTargetsInParallel = 1;
				LastSwiftUpdateCheck = 1320;
				LastUpgradeCheck = 1320;
				TargetAttributes = {
					F2118FFD2783E0A4001F9D78 = {
						CreatedOnToolsVersion = 13.2.1;
					};
				};
			};
			buildConfigurationList = F2118FF92783E0A3001F9D78 /* Build configuration list for PBXProject "Github" */;
			compatibilityVersion = "Xcode 13.0";
			developmentRegion = en;
			hasScannedForEncodings = 0;
			knownRegions = (
				en,
				Base,
			);
			mainGroup = F2118FF52783E0A3001F9D78;
			productRefGroup = F2118FFF2783E0A4001F9D78 /* Products */;
			projectDirPath = "";
			projectRoot = "";
			targets = (
				F2118FFD2783E0A4001F9D78 /* Github */,
			);
		};
/* End PBXProject section */

/* Begin PBXResourcesBuildPhase section */
		F2118FFC2783E0A4001F9D78 /* Resources */ = {
			isa = PBXResourcesBuildPhase;
			buildActionMask = 2147483647;
			files = (
				F211900E2783E0A4001F9D78 /* LaunchScreen.storyboard in Resources */,
				F211900B2783E0A4001F9D78 /* Assets.xcassets in Resources */,
			);
			runOnlyForDeploymentPostprocessing = 0;
		};
/* End PBXResourcesBuildPhase section */

/* Begin PBXSourcesBuildPhase section */
		F2118FFA2783E0A4001F9D78 /* Sources */ = {
			isa = PBXSourcesBuildPhase;
			buildActionMask = 2147483647;
			files = (
				F21FD1882793839D00FA89DC /* GHUserInfoHeaderVC.swift in Sources */,
				F2BAFB4B278BB63F007AC508 /* User.swift in Sources */,
				F21FD186279381E800FA89DC /* GHError.swift in Sources */,
				F21FD18A2793840500FA89DC /* GHSecondaryTitleLabel.swift in Sources */,
				F2BAFB3C278B8B78007AC508 /* GHTitleLabel.swift in Sources */,
				F250C9C82787AC99003EFAC8 /* GHButton.swift in Sources */,
				F21FD18C27938A0B00FA89DC /* Constants.swift in Sources */,
				F2BAFB42278B939F007AC508 /* UIViewController+Ext.swift in Sources */,
				F211901A2783F042001F9D78 /* FavoritesListVC.swift in Sources */,
				F29F03E8278D0D8300400614 /* UIHelper.swift in Sources */,
				F250C9CA2787B24F003EFAC8 /* GHTextField.swift in Sources */,
				F21190022783E0A4001F9D78 /* AppDelegate.swift in Sources */,
				F29F03E4278CDFE100400614 /* FollowerCell.swift in Sources */,
				F21190182783F018001F9D78 /* SearchVC.swift in Sources */,
				F2BAFB49278BB559007AC508 /* Follower.swift in Sources */,
				F2BAFB40278B8D6F007AC508 /* AlertVC.swift in Sources */,
				F2BAFB4E278BBCC7007AC508 /* NetworkManager.swift in Sources */,
				F29F03E6278CE05C00400614 /* GHAvatarImageView.swift in Sources */,
				F250C9CC2787BB81003EFAC8 /* FollowerListVC.swift in Sources */,
				F21190042783E0A4001F9D78 /* SceneDelegate.swift in Sources */,
				F21FD182278E656300FA89DC /* GHEmptyStateView.swift in Sources */,
				F2BAFB3E278B8CB9007AC508 /* GHBodyLabel.swift in Sources */,
				F21FD18427937AAA00FA89DC /* UserInfoVC.swift in Sources */,
			);
			runOnlyForDeploymentPostprocessing = 0;
		};
/* End PBXSourcesBuildPhase section */

/* Begin PBXVariantGroup section */
		F211900C2783E0A4001F9D78 /* LaunchScreen.storyboard */ = {
			isa = PBXVariantGroup;
			children = (
				F211900D2783E0A4001F9D78 /* Base */,
			);
			name = LaunchScreen.storyboard;
			sourceTree = "<group>";
		};
/* End PBXVariantGroup section */

/* Begin XCBuildConfiguration section */
		F21190102783E0A4001F9D78 /* Debug */ = {
			isa = XCBuildConfiguration;
			buildSettings = {
				ALWAYS_SEARCH_USER_PATHS = NO;
				CLANG_ANALYZER_NONNULL = YES;
				CLANG_ANALYZER_NUMBER_OBJECT_CONVERSION = YES_AGGRESSIVE;
				CLANG_CXX_LANGUAGE_STANDARD = "gnu++17";
				CLANG_CXX_LIBRARY = "libc++";
				CLANG_ENABLE_MODULES = YES;
				CLANG_ENABLE_OBJC_ARC = YES;
				CLANG_ENABLE_OBJC_WEAK = YES;
				CLANG_WARN_BLOCK_CAPTURE_AUTORELEASING = YES;
				CLANG_WARN_BOOL_CONVERSION = YES;
				CLANG_WARN_COMMA = YES;
				CLANG_WARN_CONSTANT_CONVERSION = YES;
				CLANG_WARN_DEPRECATED_OBJC_IMPLEMENTATIONS = YES;
				CLANG_WARN_DIRECT_OBJC_ISA_USAGE = YES_ERROR;
				CLANG_WARN_DOCUMENTATION_COMMENTS = YES;
				CLANG_WARN_EMPTY_BODY = YES;
				CLANG_WARN_ENUM_CONVERSION = YES;
				CLANG_WARN_INFINITE_RECURSION = YES;
				CLANG_WARN_INT_CONVERSION = YES;
				CLANG_WARN_NON_LITERAL_NULL_CONVERSION = YES;
				CLANG_WARN_OBJC_IMPLICIT_RETAIN_SELF = YES;
				CLANG_WARN_OBJC_LITERAL_CONVERSION = YES;
				CLANG_WARN_OBJC_ROOT_CLASS = YES_ERROR;
				CLANG_WARN_QUOTED_INCLUDE_IN_FRAMEWORK_HEADER = YES;
				CLANG_WARN_RANGE_LOOP_ANALYSIS = YES;
				CLANG_WARN_STRICT_PROTOTYPES = YES;
				CLANG_WARN_SUSPICIOUS_MOVE = YES;
				CLANG_WARN_UNGUARDED_AVAILABILITY = YES_AGGRESSIVE;
				CLANG_WARN_UNREACHABLE_CODE = YES;
				CLANG_WARN__DUPLICATE_METHOD_MATCH = YES;
				COPY_PHASE_STRIP = NO;
				DEBUG_INFORMATION_FORMAT = dwarf;
				ENABLE_STRICT_OBJC_MSGSEND = YES;
				ENABLE_TESTABILITY = YES;
				GCC_C_LANGUAGE_STANDARD = gnu11;
				GCC_DYNAMIC_NO_PIC = NO;
				GCC_NO_COMMON_BLOCKS = YES;
				GCC_OPTIMIZATION_LEVEL = 0;
				GCC_PREPROCESSOR_DEFINITIONS = (
					"DEBUG=1",
					"$(inherited)",
				);
				GCC_WARN_64_TO_32_BIT_CONVERSION = YES;
				GCC_WARN_ABOUT_RETURN_TYPE = YES_ERROR;
				GCC_WARN_UNDECLARED_SELECTOR = YES;
				GCC_WARN_UNINITIALIZED_AUTOS = YES_AGGRESSIVE;
				GCC_WARN_UNUSED_FUNCTION = YES;
				GCC_WARN_UNUSED_VARIABLE = YES;
				IPHONEOS_DEPLOYMENT_TARGET = 15.2;
				MTL_ENABLE_DEBUG_INFO = INCLUDE_SOURCE;
				MTL_FAST_MATH = YES;
				ONLY_ACTIVE_ARCH = YES;
				SDKROOT = iphoneos;
				SWIFT_ACTIVE_COMPILATION_CONDITIONS = DEBUG;
				SWIFT_OPTIMIZATION_LEVEL = "-Onone";
			};
			name = Debug;
		};
		F21190112783E0A4001F9D78 /* Release */ = {
			isa = XCBuildConfiguration;
			buildSettings = {
				ALWAYS_SEARCH_USER_PATHS = NO;
				CLANG_ANALYZER_NONNULL = YES;
				CLANG_ANALYZER_NUMBER_OBJECT_CONVERSION = YES_AGGRESSIVE;
				CLANG_CXX_LANGUAGE_STANDARD = "gnu++17";
				CLANG_CXX_LIBRARY = "libc++";
				CLANG_ENABLE_MODULES = YES;
				CLANG_ENABLE_OBJC_ARC = YES;
				CLANG_ENABLE_OBJC_WEAK = YES;
				CLANG_WARN_BLOCK_CAPTURE_AUTORELEASING = YES;
				CLANG_WARN_BOOL_CONVERSION = YES;
				CLANG_WARN_COMMA = YES;
				CLANG_WARN_CONSTANT_CONVERSION = YES;
				CLANG_WARN_DEPRECATED_OBJC_IMPLEMENTATIONS = YES;
				CLANG_WARN_DIRECT_OBJC_ISA_USAGE = YES_ERROR;
				CLANG_WARN_DOCUMENTATION_COMMENTS = YES;
				CLANG_WARN_EMPTY_BODY = YES;
				CLANG_WARN_ENUM_CONVERSION = YES;
				CLANG_WARN_INFINITE_RECURSION = YES;
				CLANG_WARN_INT_CONVERSION = YES;
				CLANG_WARN_NON_LITERAL_NULL_CONVERSION = YES;
				CLANG_WARN_OBJC_IMPLICIT_RETAIN_SELF = YES;
				CLANG_WARN_OBJC_LITERAL_CONVERSION = YES;
				CLANG_WARN_OBJC_ROOT_CLASS = YES_ERROR;
				CLANG_WARN_QUOTED_INCLUDE_IN_FRAMEWORK_HEADER = YES;
				CLANG_WARN_RANGE_LOOP_ANALYSIS = YES;
				CLANG_WARN_STRICT_PROTOTYPES = YES;
				CLANG_WARN_SUSPICIOUS_MOVE = YES;
				CLANG_WARN_UNGUARDED_AVAILABILITY = YES_AGGRESSIVE;
				CLANG_WARN_UNREACHABLE_CODE = YES;
				CLANG_WARN__DUPLICATE_METHOD_MATCH = YES;
				COPY_PHASE_STRIP = NO;
				DEBUG_INFORMATION_FORMAT = "dwarf-with-dsym";
				ENABLE_NS_ASSERTIONS = NO;
				ENABLE_STRICT_OBJC_MSGSEND = YES;
				GCC_C_LANGUAGE_STANDARD = gnu11;
				GCC_NO_COMMON_BLOCKS = YES;
				GCC_WARN_64_TO_32_BIT_CONVERSION = YES;
				GCC_WARN_ABOUT_RETURN_TYPE = YES_ERROR;
				GCC_WARN_UNDECLARED_SELECTOR = YES;
				GCC_WARN_UNINITIALIZED_AUTOS = YES_AGGRESSIVE;
				GCC_WARN_UNUSED_FUNCTION = YES;
				GCC_WARN_UNUSED_VARIABLE = YES;
				IPHONEOS_DEPLOYMENT_TARGET = 15.2;
				MTL_ENABLE_DEBUG_INFO = NO;
				MTL_FAST_MATH = YES;
				SDKROOT = iphoneos;
				SWIFT_COMPILATION_MODE = wholemodule;
				SWIFT_OPTIMIZATION_LEVEL = "-O";
				VALIDATE_PRODUCT = YES;
			};
			name = Release;
		};
		F21190132783E0A4001F9D78 /* Debug */ = {
			isa = XCBuildConfiguration;
			buildSettings = {
				ASSETCATALOG_COMPILER_APPICON_NAME = AppIcon;
				ASSETCATALOG_COMPILER_GLOBAL_ACCENT_COLOR_NAME = AccentColor;
				CODE_SIGN_STYLE = Automatic;
				CURRENT_PROJECT_VERSION = 1;
				DEVELOPMENT_TEAM = Y93A3T5V6X;
				GENERATE_INFOPLIST_FILE = YES;
				INFOPLIST_FILE = Github/Info.plist;
				INFOPLIST_KEY_UIApplicationSupportsIndirectInputEvents = YES;
				INFOPLIST_KEY_UILaunchStoryboardName = LaunchScreen;
				INFOPLIST_KEY_UISupportedInterfaceOrientations = UIInterfaceOrientationPortrait;
				INFOPLIST_KEY_UISupportedInterfaceOrientations_iPad = "UIInterfaceOrientationPortrait UIInterfaceOrientationPortraitUpsideDown UIInterfaceOrientationLandscapeLeft UIInterfaceOrientationLandscapeRight";
				INFOPLIST_KEY_UISupportedInterfaceOrientations_iPhone = "UIInterfaceOrientationPortrait UIInterfaceOrientationLandscapeLeft UIInterfaceOrientationLandscapeRight";
				IPHONEOS_DEPLOYMENT_TARGET = 13.2;
				LD_RUNPATH_SEARCH_PATHS = (
					"$(inherited)",
					"@executable_path/Frameworks",
				);
				MARKETING_VERSION = 1.0;
				PRODUCT_BUNDLE_IDENTIFIER = com.kevinmhankes.Github;
				PRODUCT_NAME = "$(TARGET_NAME)";
				SWIFT_EMIT_LOC_STRINGS = YES;
				SWIFT_VERSION = 5.0;
				TARGETED_DEVICE_FAMILY = "1,2";
			};
			name = Debug;
		};
		F21190142783E0A4001F9D78 /* Release */ = {
			isa = XCBuildConfiguration;
			buildSettings = {
				ASSETCATALOG_COMPILER_APPICON_NAME = AppIcon;
				ASSETCATALOG_COMPILER_GLOBAL_ACCENT_COLOR_NAME = AccentColor;
				CODE_SIGN_STYLE = Automatic;
				CURRENT_PROJECT_VERSION = 1;
				DEVELOPMENT_TEAM = Y93A3T5V6X;
				GENERATE_INFOPLIST_FILE = YES;
				INFOPLIST_FILE = Github/Info.plist;
				INFOPLIST_KEY_UIApplicationSupportsIndirectInputEvents = YES;
				INFOPLIST_KEY_UILaunchStoryboardName = LaunchScreen;
				INFOPLIST_KEY_UISupportedInterfaceOrientations = UIInterfaceOrientationPortrait;
				INFOPLIST_KEY_UISupportedInterfaceOrientations_iPad = "UIInterfaceOrientationPortrait UIInterfaceOrientationPortraitUpsideDown UIInterfaceOrientationLandscapeLeft UIInterfaceOrientationLandscapeRight";
				INFOPLIST_KEY_UISupportedInterfaceOrientations_iPhone = "UIInterfaceOrientationPortrait UIInterfaceOrientationLandscapeLeft UIInterfaceOrientationLandscapeRight";
				IPHONEOS_DEPLOYMENT_TARGET = 13.2;
				LD_RUNPATH_SEARCH_PATHS = (
					"$(inherited)",
					"@executable_path/Frameworks",
				);
				MARKETING_VERSION = 1.0;
				PRODUCT_BUNDLE_IDENTIFIER = com.kevinmhankes.Github;
				PRODUCT_NAME = "$(TARGET_NAME)";
				SWIFT_EMIT_LOC_STRINGS = YES;
				SWIFT_VERSION = 5.0;
				TARGETED_DEVICE_FAMILY = "1,2";
			};
			name = Release;
		};
/* End XCBuildConfiguration section */

/* Begin XCConfigurationList section */
		F2118FF92783E0A3001F9D78 /* Build configuration list for PBXProject "Github" */ = {
			isa = XCConfigurationList;
			buildConfigurations = (
				F21190102783E0A4001F9D78 /* Debug */,
				F21190112783E0A4001F9D78 /* Release */,
			);
			defaultConfigurationIsVisible = 0;
			defaultConfigurationName = Release;
		};
		F21190122783E0A4001F9D78 /* Build configuration list for PBXNativeTarget "Github" */ = {
			isa = XCConfigurationList;
			buildConfigurations = (
				F21190132783E0A4001F9D78 /* Debug */,
				F21190142783E0A4001F9D78 /* Release */,
			);
			defaultConfigurationIsVisible = 0;
			defaultConfigurationName = Release;
		};
/* End XCConfigurationList section */
	};
	rootObject = F2118FF62783E0A3001F9D78 /* Project object */;
}
